# This file is autogenerated, do not edit; changes may be undone by the next 'dep ensure'.


[[projects]]
  branch = "master"
  name = "github.com/beorn7/perks"
  packages = ["quantile"]
  revision = "3a771d992973f24aa725d07868b467d1ddfceafb"

[[projects]]
  name = "github.com/bxcodec/faker"
  packages = [
    ".",
    "support/slice"
  ]
  revision = "1e3dfd53d826aa0d096d235cf8525149287a2834"
  version = "v1.4.3"

[[projects]]
  branch = "master"
  name = "github.com/codahale/hdrhistogram"
  packages = ["."]
  revision = "3a0bb77429bd3a61596f5e8a3172445844342120"

[[projects]]
  name = "github.com/golang/protobuf"
  packages = [
    "proto",
    "ptypes",
    "ptypes/any",
    "ptypes/duration",
    "ptypes/timestamp"
  ]
  revision = "b4deda0973fb4c70b50d226b1af49f3da59f5265"
  version = "v1.1.0"

[[projects]]
  name = "github.com/grpc-ecosystem/go-grpc-prometheus"
  packages = ["."]
  revision = "c225b8c3b01faf2899099b768856a9e916e5087b"
  version = "v1.2.0"

[[projects]]
  branch = "master"
  name = "github.com/heptiolabs/healthcheck"
  packages = ["."]
  revision = "6ff867650f40c632367411120275478876202233"

[[projects]]
  name = "github.com/influxdata/influxdb"
  packages = [
    "client/v2",
    "models",
    "pkg/escape"
  ]
  revision = "5766854b95ae86cccf6cc8ffe4c5bb9eacc994b8"
  version = "v1.6.1"

[[projects]]
  branch = "master"
  name = "github.com/jeremywohl/flatten"
  packages = ["."]
  revision = "6ba45bff2452eaa49edd7c045593bcbc6c6514cb"

[[projects]]
  name = "github.com/matttproud/golang_protobuf_extensions"
  packages = ["pbutil"]
  revision = "c12348ce28de40eed0136aa2b644d0ee0650e56c"
  version = "v1.0.1"

[[projects]]
  name = "github.com/opentracing/opentracing-go"
  packages = [
    ".",
    "ext",
    "log"
  ]
  revision = "1949ddbfd147afd4d964a9f00b24eb291e0e7c38"
  version = "v1.0.2"

[[projects]]
  name = "github.com/pkg/errors"
  packages = ["."]
  revision = "645ef00459ed84a119197bfb8d8205042c6df63d"
  version = "v0.8.0"

[[projects]]
  branch = "master"
  name = "github.com/prometheus/client_golang"
  packages = [
    "prometheus",
    "prometheus/promhttp"
  ]
  revision = "5b23715facdef1452016bae512489c3cdf82458c"

[[projects]]
  branch = "master"
  name = "github.com/prometheus/client_model"
  packages = ["go"]
  revision = "5c3871d89910bfb32f5fcab2aa4b9ec68e65a99f"

[[projects]]
  branch = "master"
  name = "github.com/prometheus/common"
  packages = [
    "expfmt",
    "internal/bitbucket.org/ww/goautoneg",
    "model"
  ]
  revision = "c7de2306084e37d54b8be01f3541a8464345e9a5"

[[projects]]
  branch = "master"
  name = "github.com/prometheus/procfs"
  packages = [
    ".",
    "internal/util",
    "nfs",
    "xfs"
  ]
  revision = "05ee40e3a273f7245e8777337fc7b46e533a9a92"

[[projects]]
  name = "github.com/sirupsen/logrus"
  packages = ["."]
  revision = "3e01752db0189b9157070a0e1668a620f9a85da2"
  version = "v1.0.6"

[[projects]]
  branch = "master"
  name = "github.com/streadway/amqp"
  packages = ["."]
  revision = "70e15c650864f4fc47f5d3c82ea117285480895d"

[[projects]]
  name = "github.com/uber/jaeger-client-go"
  packages = [
    ".",
    "config",
    "internal/baggage",
    "internal/baggage/remote",
    "internal/spanlog",
    "internal/throttler",
    "internal/throttler/remote",
    "log",
    "rpcmetrics",
    "thrift",
    "thrift-gen/agent",
    "thrift-gen/baggage",
    "thrift-gen/jaeger",
    "thrift-gen/sampling",
    "thrift-gen/zipkincore",
    "utils"
  ]
  revision = "b043381d944715b469fd6b37addfd30145ca1758"
  version = "v2.14.0"

[[projects]]
  name = "github.com/uber/jaeger-lib"
  packages = ["metrics"]
  revision = "ed3a127ec5fef7ae9ea95b01b542c47fbd999ce5"
  version = "v1.5.0"

[[projects]]
  branch = "master"
  name = "golang.org/x/crypto"
  packages = ["ssh/terminal"]
  revision = "de0752318171da717af4ce24d0a2e8626afaeb11"

[[projects]]
  branch = "master"
  name = "golang.org/x/net"
  packages = [
    "context",
    "http/httpguts",
    "http2",
    "http2/hpack",
    "idna",
    "internal/timeseries",
    "trace"
  ]
  revision = "f9ce57c11b242f0f1599cf25c89d8cb02c45295a"

[[projects]]
  branch = "master"
  name = "golang.org/x/sys"
  packages = [
    "unix",
    "windows"
  ]
  revision = "f0d5e33068cb57c22a181f5df0ffda885309eb5a"

[[projects]]
  name = "golang.org/x/text"
  packages = [
    "collate",
    "collate/build",
    "internal/colltab",
    "internal/gen",
    "internal/tag",
    "internal/triegen",
    "internal/ucd",
    "language",
    "secure/bidirule",
    "transform",
    "unicode/bidi",
    "unicode/cldr",
    "unicode/norm",
    "unicode/rangetable"
  ]
  revision = "f21a4dfb5e38f5895301dc265a8def02365cc3d0"
  version = "v0.3.0"

[[projects]]
  branch = "master"
  name = "google.golang.org/genproto"
  packages = ["googleapis/rpc/status"]
  revision = "383e8b2c3b9e36c4076b235b32537292176bae20"

[[projects]]
  name = "google.golang.org/grpc"
  packages = [
    ".",
    "balancer",
    "balancer/base",
    "balancer/roundrobin",
    "codes",
    "connectivity",
    "credentials",
    "encoding",
    "encoding/proto",
    "grpclog",
    "internal",
    "internal/backoff",
    "internal/channelz",
    "internal/envconfig",
    "internal/grpcrand",
    "internal/transport",
    "keepalive",
    "metadata",
    "naming",
    "peer",
    "resolver",
    "resolver/dns",
    "resolver/passthrough",
    "stats",
    "status",
    "tap"
  ]
  revision = "32fb0ac620c32ba40a4626ddf94d90d12cce3455"
  version = "v1.14.0"

[solve-meta]
  analyzer-name = "dep"
  analyzer-version = 1
  inputs-digest = "7769420dfe068eb4a12c8fce3bb02bd4c0701636b27f5446bee7043db4b9be74"
  solver-name = "gps-cdcl"
  solver-version = 1
