dependencies:
- name: influxdb
  repository: https://kubernetes-charts.storage.googleapis.com/
  version: 0.9.1
- name: chronograf
  repository: https://kubernetes-charts.storage.googleapis.com/
  version: 0.4.5
digest: sha256:b5f093ca63996db298f853ae0b56046ab8f491aecec0b1e0a781558dca1644df
generated: 2018-08-16T18:18:36.468832017+03:00
